
Microsoft Visual Studio Solution File, Format Version 12.00
# Visual Studio Version 17
VisualStudioVersion = 17.0.31912.275
MinimumVisualStudioVersion = 10.0.40219.1
Project("{FAE04EC0-301F-11D3-BF4B-00C04F79EFBC}") = "GenericProject", "GenericProject.csproj", "{21EAA325-C830-41DF-A6D8-67CE08DE6042}"
EndProject
Global
	GlobalSection(SolutionConfigurationPlatforms) = preSolution
		Debug|Any CPU = Debug|Any CPU
		Release|Any CPU = Release|Any CPU
	EndGlobalSection
	GlobalSection(ProjectConfigurationPlatforms) = postSolution
		{21EAA325-C830-41DF-A6D8-67CE08DE6042}.Debug|Any CPU.ActiveCfg = Debug|Any CPU
		{21EAA325-C830-41DF-A6D8-67CE08DE6042}.Debug|Any CPU.Build.0 = Debug|Any CPU
		{21EAA325-C830-41DF-A6D8-67CE08DE6042}.Release|Any CPU.ActiveCfg = Release|Any CPU
		{21EAA325-C830-41DF-A6D8-67CE08DE6042}.Release|Any CPU.Build.0 = Release|Any CPU
	EndGlobalSection
	GlobalSection(SolutionProperties) = preSolution
		HideSolutionNode = FALSE
	EndGlobalSection
	GlobalSection(ExtensibilityGlobals) = postSolution
		SolutionGuid = {958BC996-8370-49B5-9E1E-F4EA64FD1D16}
	EndGlobalSection
EndGlobal
